
Microsoft Visual Studio Solution File, Format Version 12.00
# Visual Studio 14
VisualStudioVersion = 14.0.23107.0
MinimumVisualStudioVersion = 10.0.40219.1
Project("{2150E333-8FDC-42A3-9474-1A3956D46DE8}") = "Engine", "Engine", "{4F35C381-2AEC-4BF6-86FA-761DD1D08427}"
EndProject
Project("{8BC9CEB8-8B4A-11D0-8D11-00A0C91BC942}") = "UE4", "Intermediate\ProjectFiles\UE4.vcxproj", "{9DE2E2C8-3ED6-4E85-8851-0C2EDC212108}"
EndProject
Global
	GlobalSection(SolutionConfigurationPlatforms) = preSolution
		BuiltWithUnrealBuildTool|x86 = BuiltWithUnrealBuildTool|x86
	EndGlobalSection
	GlobalSection(ProjectConfigurationPlatforms) = postSolution
		{9DE2E2C8-3ED6-4E85-8851-0C2EDC212108}.BuiltWithUnrealBuildTool|x86.ActiveCfg = BuiltWithUnrealBuildTool|Win32
		{9DE2E2C8-3ED6-4E85-8851-0C2EDC212108}.BuiltWithUnrealBuildTool|x86.Build.0 = BuiltWithUnrealBuildTool|Win32
	EndGlobalSection
	GlobalSection(SolutionProperties) = preSolution
		HideSolutionNode = FALSE
	EndGlobalSection
	GlobalSection(NestedProjects) = preSolution
		{9DE2E2C8-3ED6-4E85-8851-0C2EDC212108} = {4F35C381-2AEC-4BF6-86FA-761DD1D08427}
	EndGlobalSection
EndGlobal
